
Microsoft Visual Studio Solution File, Format Version 12.00
# Visual Studio Version 16
VisualStudioVersion = 16.0.31205.134
MinimumVisualStudioVersion = 10.0.40219.1
Project("{FAE04EC0-301F-11D3-BF4B-00C04F79EFBC}") = "WebApi2_Estudantes", "WebApi2_Estudantes\WebApi2_Estudantes.csproj", "{F54DD4FF-3F62-419B-951E-52D15C2EE716}"
EndProject
Global
	GlobalSection(SolutionConfigurationPlatforms) = preSolution
		Debug|Any CPU = Debug|Any CPU
		Release|Any CPU = Release|Any CPU
	EndGlobalSection
	GlobalSection(ProjectConfigurationPlatforms) = postSolution
		{F54DD4FF-3F62-419B-951E-52D15C2EE716}.Debug|Any CPU.ActiveCfg = Debug|Any CPU
		{F54DD4FF-3F62-419B-951E-52D15C2EE716}.Debug|Any CPU.Build.0 = Debug|Any CPU
		{F54DD4FF-3F62-419B-951E-52D15C2EE716}.Release|Any CPU.ActiveCfg = Release|Any CPU
		{F54DD4FF-3F62-419B-951E-52D15C2EE716}.Release|Any CPU.Build.0 = Release|Any CPU
	EndGlobalSection
	GlobalSection(SolutionProperties) = preSolution
		HideSolutionNode = FALSE
	EndGlobalSection
	GlobalSection(ExtensibilityGlobals) = postSolution
		SolutionGuid = {678C3988-E441-46D2-BC46-6C5F65BE7C42}
	EndGlobalSection
EndGlobal
